
Microsoft Visual Studio Solution File, Format Version 12.00
# Visual Studio Version 17
VisualStudioVersion = 17.0.31903.59
MinimumVisualStudioVersion = 10.0.40219.1
Project("{FAE04EC0-301F-11D3-BF4B-00C04F79EFBC}") = "claude-chat", "claude-chat\claude-chat.csproj", "{C541C03A-DD40-4EEE-BD48-CA59E33BC70E}"
EndProject
Project("{FAE04EC0-301F-11D3-BF4B-00C04F79EFBC}") = "openai-chat", "openai-chat\openai-chat.csproj", "{B8B00771-CA5E-4E52-8E48-AD055E6A8A9B}"
EndProject
Project("{FAE04EC0-301F-11D3-BF4B-00C04F79EFBC}") = "gemini-chat", "gemini-chat\gemini-chat.csproj", "{A957E2E0-66CA-44FB-8FE9-6AB6749DBB39}"
EndProject
Project("{FAE04EC0-301F-11D3-BF4B-00C04F79EFBC}") = "mcp-server", "mcp-server\mcp-server.csproj", "{79E668DC-6ED9-4609-BC95-EE4BF84FD382}"
EndProject
Global
	GlobalSection(SolutionConfigurationPlatforms) = preSolution
		Debug|Any CPU = Debug|Any CPU
		Release|Any CPU = Release|Any CPU
	EndGlobalSection
	GlobalSection(SolutionProperties) = preSolution
		HideSolutionNode = FALSE
	EndGlobalSection
	GlobalSection(ProjectConfigurationPlatforms) = postSolution
		{C541C03A-DD40-4EEE-BD48-CA59E33BC70E}.Debug|Any CPU.ActiveCfg = Debug|Any CPU
		{C541C03A-DD40-4EEE-BD48-CA59E33BC70E}.Debug|Any CPU.Build.0 = Debug|Any CPU
		{C541C03A-DD40-4EEE-BD48-CA59E33BC70E}.Release|Any CPU.ActiveCfg = Release|Any CPU
		{C541C03A-DD40-4EEE-BD48-CA59E33BC70E}.Release|Any CPU.Build.0 = Release|Any CPU
		{B8B00771-CA5E-4E52-8E48-AD055E6A8A9B}.Debug|Any CPU.ActiveCfg = Debug|Any CPU
		{B8B00771-CA5E-4E52-8E48-AD055E6A8A9B}.Debug|Any CPU.Build.0 = Debug|Any CPU
		{B8B00771-CA5E-4E52-8E48-AD055E6A8A9B}.Release|Any CPU.ActiveCfg = Release|Any CPU
		{B8B00771-CA5E-4E52-8E48-AD055E6A8A9B}.Release|Any CPU.Build.0 = Release|Any CPU
		{A957E2E0-66CA-44FB-8FE9-6AB6749DBB39}.Debug|Any CPU.ActiveCfg = Debug|Any CPU
		{A957E2E0-66CA-44FB-8FE9-6AB6749DBB39}.Debug|Any CPU.Build.0 = Debug|Any CPU
		{A957E2E0-66CA-44FB-8FE9-6AB6749DBB39}.Release|Any CPU.ActiveCfg = Release|Any CPU
		{A957E2E0-66CA-44FB-8FE9-6AB6749DBB39}.Release|Any CPU.Build.0 = Release|Any CPU
		{79E668DC-6ED9-4609-BC95-EE4BF84FD382}.Debug|Any CPU.ActiveCfg = Debug|Any CPU
		{79E668DC-6ED9-4609-BC95-EE4BF84FD382}.Debug|Any CPU.Build.0 = Debug|Any CPU
		{79E668DC-6ED9-4609-BC95-EE4BF84FD382}.Release|Any CPU.ActiveCfg = Release|Any CPU
		{79E668DC-6ED9-4609-BC95-EE4BF84FD382}.Release|Any CPU.Build.0 = Release|Any CPU
	EndGlobalSection
EndGlobal
